<Solution>
  <Folder Name="/Solution Items/">
    <File Path="ollama.bat" />
    <File Path="README.md" />
    <File Path="sql.md" />
    <File Path="yerel-yapay-zeka-agent-3-postgresql.md" />
    <File Path="yerel-yapay-zeka-agent-4-rag-pgvector.md" />
    <File Path="yerel-yapay-zeka-agent-5-productsplugin-postgres.md" />
    <File Path="yerel-yapay-zeka-agent-6-mvc-ui-tools-provider.md" />
  </Folder>
  <Project Path="MSSemantic/MSSemantic.csproj" />
</Solution>
